// !$*UTF8*$!
{
	archiveVersion = 1;
	classes = {
	};
	objectVersion = 50;
	objects = {

/* Begin PBXBuildFile section */
		073A331F20F30E9100DF726E /* AppDelegate.swift in Sources */ = {isa = PBXBuildFile; fileRef = 073A331E20F30E9100DF726E /* AppDelegate.swift */; };
		073A332120F30E9100DF726E /* ViewController.swift in Sources */ = {isa = PBXBuildFile; fileRef = 073A332020F30E9100DF726E /* ViewController.swift */; };
		073A332420F30E9100DF726E /* Main.storyboard in Resources */ = {isa = PBXBuildFile; fileRef = 073A332220F30E9100DF726E /* Main.storyboard */; };
		073A332620F30E9300DF726E /* Assets.xcassets in Resources */ = {isa = PBXBuildFile; fileRef = 073A332520F30E9300DF726E /* Assets.xcassets */; };
		073A332920F30E9300DF726E /* LaunchScreen.storyboard in Resources */ = {isa = PBXBuildFile; fileRef = 073A332720F30E9300DF726E /* LaunchScreen.storyboard */; };
		073A333120F3126A00DF726E /* CustomView.xib in Resources */ = {isa = PBXBuildFile; fileRef = 073A333020F3126A00DF726E /* CustomView.xib */; };
		073A333320F3128600DF726E /* ThirdVC.xib in Resources */ = {isa = PBXBuildFile; fileRef = 073A333220F3128600DF726E /* ThirdVC.xib */; };
		073A333520F312B000DF726E /* SecondVC.swift in Sources */ = {isa = PBXBuildFile; fileRef = 073A333420F312B000DF726E /* SecondVC.swift */; };
		073A333720F312D400DF726E /* ThirdVC.swift in Sources */ = {isa = PBXBuildFile; fileRef = 073A333620F312D400DF726E /* ThirdVC.swift */; };
		073A333A20F3133F00DF726E /* Identifier.swift in Sources */ = {isa = PBXBuildFile; fileRef = 073A333920F3133F00DF726E /* Identifier.swift */; };
		073A333C20F3143800DF726E /* Storyboard+Init.swift in Sources */ = {isa = PBXBuildFile; fileRef = 073A333B20F3143800DF726E /* Storyboard+Init.swift */; };
		073A333E20F3158900DF726E /* Xib+Init.swift in Sources */ = {isa = PBXBuildFile; fileRef = 073A333D20F3158900DF726E /* Xib+Init.swift */; };
		073A334020F3197C00DF726E /* CustomView.swift in Sources */ = {isa = PBXBuildFile; fileRef = 073A333F20F3197C00DF726E /* CustomView.swift */; };
/* End PBXBuildFile section */

/* Begin PBXFileReference section */
		073A331B20F30E9100DF726E /* GetViewOrVCLikeAPro.app */ = {isa = PBXFileReference; explicitFileType = wrapper.application; includeInIndex = 0; path = GetViewOrVCLikeAPro.app; sourceTree = BUILT_PRODUCTS_DIR; };
		073A331E20F30E9100DF726E /* AppDelegate.swift */ = {isa = PBXFileReference; lastKnownFileType = sourcecode.swift; path = AppDelegate.swift; sourceTree = "<group>"; };
		073A332020F30E9100DF726E /* ViewController.swift */ = {isa = PBXFileReference; lastKnownFileType = sourcecode.swift; path = ViewController.swift; sourceTree = "<group>"; };
		073A332320F30E9100DF726E /* Base */ = {isa = PBXFileReference; lastKnownFileType = file.storyboard; name = Base; path = Base.lproj/Main.storyboard; sourceTree = "<group>"; };
		073A332520F30E9300DF726E /* Assets.xcassets */ = {isa = PBXFileReference; lastKnownFileType = folder.assetcatalog; path = Assets.xcassets; sourceTree = "<group>"; };
		073A332820F30E9300DF726E /* Base */ = {isa = PBXFileReference; lastKnownFileType = file.storyboard; name = Base; path = Base.lproj/LaunchScreen.storyboard; sourceTree = "<group>"; };
		073A332A20F30E9300DF726E /* Info.plist */ = {isa = PBXFileReference; lastKnownFileType = text.plist.xml; path = Info.plist; sourceTree = "<group>"; };
		073A333020F3126A00DF726E /* CustomView.xib */ = {isa = PBXFileReference; lastKnownFileType = file.xib; path = CustomView.xib; sourceTree = "<group>"; };
		073A333220F3128600DF726E /* ThirdVC.xib */ = {isa = PBXFileReference; lastKnownFileType = file.xib; path = ThirdVC.xib; sourceTree = "<group>"; };
		073A333420F312B000DF726E /* SecondVC.swift */ = {isa = PBXFileReference; lastKnownFileType = sourcecode.swift; path = SecondVC.swift; sourceTree = "<group>"; };
		073A333620F312D400DF726E /* ThirdVC.swift */ = {isa = PBXFileReference; lastKnownFileType = sourcecode.swift; path = ThirdVC.swift; sourceTree = "<group>"; };
		073A333920F3133F00DF726E /* Identifier.swift */ = {isa = PBXFileReference; lastKnownFileType = sourcecode.swift; path = Identifier.swift; sourceTree = "<group>"; };
		073A333B20F3143800DF726E /* Storyboard+Init.swift */ = {isa = PBXFileReference; lastKnownFileType = sourcecode.swift; path = "Storyboard+Init.swift"; sourceTree = "<group>"; };
		073A333D20F3158900DF726E /* Xib+Init.swift */ = {isa = PBXFileReference; lastKnownFileType = sourcecode.swift; path = "Xib+Init.swift"; sourceTree = "<group>"; };
		073A333F20F3197C00DF726E /* CustomView.swift */ = {isa = PBXFileReference; lastKnownFileType = sourcecode.swift; path = CustomView.swift; sourceTree = "<group>"; };
/* End PBXFileReference section */

/* Begin PBXFrameworksBuildPhase section */
		073A331820F30E9100DF726E /* Frameworks */ = {
			isa = PBXFrameworksBuildPhase;
			buildActionMask = 2147483647;
			files = (
			);
			runOnlyForDeploymentPostprocessing = 0;
		};
/* End PBXFrameworksBuildPhase section */

/* Begin PBXGroup section */
		073A331220F30E9100DF726E = {
			isa = PBXGroup;
			children = (
				073A331D20F30E9100DF726E /* GetViewOrVCLikeAPro */,
				073A331C20F30E9100DF726E /* Products */,
			);
			sourceTree = "<group>";
		};
		073A331C20F30E9100DF726E /* Products */ = {
			isa = PBXGroup;
			children = (
				073A331B20F30E9100DF726E /* GetViewOrVCLikeAPro.app */,
			);
			name = Products;
			sourceTree = "<group>";
		};
		073A331D20F30E9100DF726E /* GetViewOrVCLikeAPro */ = {
			isa = PBXGroup;
			children = (
				073A333820F3132F00DF726E /* Xib+StoryboardInit */,
				073A331E20F30E9100DF726E /* AppDelegate.swift */,
				073A332020F30E9100DF726E /* ViewController.swift */,
				073A332220F30E9100DF726E /* Main.storyboard */,
				073A332520F30E9300DF726E /* Assets.xcassets */,
				073A332720F30E9300DF726E /* LaunchScreen.storyboard */,
				073A332A20F30E9300DF726E /* Info.plist */,
				073A333020F3126A00DF726E /* CustomView.xib */,
				073A333220F3128600DF726E /* ThirdVC.xib */,
				073A333420F312B000DF726E /* SecondVC.swift */,
				073A333620F312D400DF726E /* ThirdVC.swift */,
				073A333F20F3197C00DF726E /* CustomView.swift */,
			);
			path = GetViewOrVCLikeAPro;
			sourceTree = "<group>";
		};
		073A333820F3132F00DF726E /* Xib+StoryboardInit */ = {
			isa = PBXGroup;
			children = (
				073A333920F3133F00DF726E /* Identifier.swift */,
				073A333B20F3143800DF726E /* Storyboard+Init.swift */,
				073A333D20F3158900DF726E /* Xib+Init.swift */,
			);
			path = "Xib+StoryboardInit";
			sourceTree = "<group>";
		};
/* End PBXGroup section */

/* Begin PBXNativeTarget section */
		073A331A20F30E9100DF726E /* GetViewOrVCLikeAPro */ = {
			isa = PBXNativeTarget;
			buildConfigurationList = 073A332D20F30E9300DF726E /* Build configuration list for PBXNativeTarget "GetViewOrVCLikeAPro" */;
			buildPhases = (
				073A331720F30E9100DF726E /* Sources */,
				073A331820F30E9100DF726E /* Frameworks */,
				073A331920F30E9100DF726E /* Resources */,
			);
			buildRules = (
			);
			dependencies = (
			);
			name = GetViewOrVCLikeAPro;
			productName = GetViewOrVCLikeAPro;
			productReference = 073A331B20F30E9100DF726E /* GetViewOrVCLikeAPro.app */;
			productType = "com.apple.product-type.application";
		};
/* End PBXNativeTarget section */

/* Begin PBXProject section */
		073A331320F30E9100DF726E /* Project object */ = {
			isa = PBXProject;
			attributes = {
				LastSwiftUpdateCheck = 0940;
				LastUpgradeCheck = 0940;
				ORGANIZATIONNAME = Kid;
				TargetAttributes = {
					073A331A20F30E9100DF726E = {
						CreatedOnToolsVersion = 9.4.1;
					};
				};
			};
			buildConfigurationList = 073A331620F30E9100DF726E /* Build configuration list for PBXProject "GetViewOrVCLikeAPro" */;
			compatibilityVersion = "Xcode 9.3";
			developmentRegion = en;
			hasScannedForEncodings = 0;
			knownRegions = (
				en,
				Base,
			);
			mainGroup = 073A331220F30E9100DF726E;
			productRefGroup = 073A331C20F30E9100DF726E /* Products */;
			projectDirPath = "";
			projectRoot = "";
			targets = (
				073A331A20F30E9100DF726E /* GetViewOrVCLikeAPro */,
			);
		};
/* End PBXProject section */

/* Begin PBXResourcesBuildPhase section */
		073A331920F30E9100DF726E /* Resources */ = {
			isa = PBXResourcesBuildPhase;
			buildActionMask = 2147483647;
			files = (
				073A332920F30E9300DF726E /* LaunchScreen.storyboard in Resources */,
				073A333120F3126A00DF726E /* CustomView.xib in Resources */,
				073A332620F30E9300DF726E /* Assets.xcassets in Resources */,
				073A332420F30E9100DF726E /* Main.storyboard in Resources */,
				073A333320F3128600DF726E /* ThirdVC.xib in Resources */,
			);
			runOnlyForDeploymentPostprocessing = 0;
		};
/* End PBXResourcesBuildPhase section */

/* Begin PBXSourcesBuildPhase section */
		073A331720F30E9100DF726E /* Sources */ = {
			isa = PBXSourcesBuildPhase;
			buildActionMask = 2147483647;
			files = (
				073A333720F312D400DF726E /* ThirdVC.swift in Sources */,
				073A334020F3197C00DF726E /* CustomView.swift in Sources */,
				073A333A20F3133F00DF726E /* Identifier.swift in Sources */,
				073A332120F30E9100DF726E /* ViewController.swift in Sources */,
				073A333E20F3158900DF726E /* Xib+Init.swift in Sources */,
				073A333520F312B000DF726E /* SecondVC.swift in Sources */,
				073A333C20F3143800DF726E /* Storyboard+Init.swift in Sources */,
				073A331F20F30E9100DF726E /* AppDelegate.swift in Sources */,
			);
			runOnlyForDeploymentPostprocessing = 0;
		};
/* End PBXSourcesBuildPhase section */

/* Begin PBXVariantGroup section */
		073A332220F30E9100DF726E /* Main.storyboard */ = {
			isa = PBXVariantGroup;
			children = (
				073A332320F30E9100DF726E /* Base */,
			);
			name = Main.storyboard;
			sourceTree = "<group>";
		};
		073A332720F30E9300DF726E /* LaunchScreen.storyboard */ = {
			isa = PBXVariantGroup;
			children = (
				073A332820F30E9300DF726E /* Base */,
			);
			name = LaunchScreen.storyboard;
			sourceTree = "<group>";
		};
/* End PBXVariantGroup section */

/* Begin XCBuildConfiguration section */
		073A332B20F30E9300DF726E /* Debug */ = {
			isa = XCBuildConfiguration;
			buildSettings = {
				ALWAYS_SEARCH_USER_PATHS = NO;
				CLANG_ANALYZER_NONNULL = YES;
				CLANG_ANALYZER_NUMBER_OBJECT_CONVERSION = YES_AGGRESSIVE;
				CLANG_CXX_LANGUAGE_STANDARD = "gnu++14";
				CLANG_CXX_LIBRARY = "libc++";
				CLANG_ENABLE_MODULES = YES;
				CLANG_ENABLE_OBJC_ARC = YES;
				CLANG_ENABLE_OBJC_WEAK = YES;
				CLANG_WARN_BLOCK_CAPTURE_AUTORELEASING = YES;
				CLANG_WARN_BOOL_CONVERSION = YES;
				CLANG_WARN_COMMA = YES;
				CLANG_WARN_CONSTANT_CONVERSION = YES;
				CLANG_WARN_DEPRECATED_OBJC_IMPLEMENTATIONS = YES;
				CLANG_WARN_DIRECT_OBJC_ISA_USAGE = YES_ERROR;
				CLANG_WARN_DOCUMENTATION_COMMENTS = YES;
				CLANG_WARN_EMPTY_BODY = YES;
				CLANG_WARN_ENUM_CONVERSION = YES;
				CLANG_WARN_INFINITE_RECURSION = YES;
				CLANG_WARN_INT_CONVERSION = YES;
				CLANG_WARN_NON_LITERAL_NULL_CONVERSION = YES;
				CLANG_WARN_OBJC_IMPLICIT_RETAIN_SELF = YES;
				CLANG_WARN_OBJC_LITERAL_CONVERSION = YES;
				CLANG_WARN_OBJC_ROOT_CLASS = YES_ERROR;
				CLANG_WARN_RANGE_LOOP_ANALYSIS = YES;
				CLANG_WARN_STRICT_PROTOTYPES = YES;
				CLANG_WARN_SUSPICIOUS_MOVE = YES;
				CLANG_WARN_UNGUARDED_AVAILABILITY = YES_AGGRESSIVE;
				CLANG_WARN_UNREACHABLE_CODE = YES;
				CLANG_WARN__DUPLICATE_METHOD_MATCH = YES;
				CODE_SIGN_IDENTITY = "iPhone Developer";
				COPY_PHASE_STRIP = NO;
				DEBUG_INFORMATION_FORMAT = dwarf;
				ENABLE_STRICT_OBJC_MSGSEND = YES;
				ENABLE_TESTABILITY = YES;
				GCC_C_LANGUAGE_STANDARD = gnu11;
				GCC_DYNAMIC_NO_PIC = NO;
				GCC_NO_COMMON_BLOCKS = YES;
				GCC_OPTIMIZATION_LEVEL = 0;
				GCC_PREPROCESSOR_DEFINITIONS = (
					"DEBUG=1",
					"$(inherited)",
				);
				GCC_WARN_64_TO_32_BIT_CONVERSION = YES;
				GCC_WARN_ABOUT_RETURN_TYPE = YES_ERROR;
				GCC_WARN_UNDECLARED_SELECTOR = YES;
				GCC_WARN_UNINITIALIZED_AUTOS = YES_AGGRESSIVE;
				GCC_WARN_UNUSED_FUNCTION = YES;
				GCC_WARN_UNUSED_VARIABLE = YES;
				IPHONEOS_DEPLOYMENT_TARGET = 11.4;
				MTL_ENABLE_DEBUG_INFO = YES;
				ONLY_ACTIVE_ARCH = YES;
				SDKROOT = iphoneos;
				SWIFT_ACTIVE_COMPILATION_CONDITIONS = DEBUG;
				SWIFT_OPTIMIZATION_LEVEL = "-Onone";
			};
			name = Debug;
		};
		073A332C20F30E9300DF726E /* Release */ = {
			isa = XCBuildConfiguration;
			buildSettings = {
				ALWAYS_SEARCH_USER_PATHS = NO;
				CLANG_ANALYZER_NONNULL = YES;
				CLANG_ANALYZER_NUMBER_OBJECT_CONVERSION = YES_AGGRESSIVE;
				CLANG_CXX_LANGUAGE_STANDARD = "gnu++14";
				CLANG_CXX_LIBRARY = "libc++";
				CLANG_ENABLE_MODULES = YES;
				CLANG_ENABLE_OBJC_ARC = YES;
				CLANG_ENABLE_OBJC_WEAK = YES;
				CLANG_WARN_BLOCK_CAPTURE_AUTORELEASING = YES;
				CLANG_WARN_BOOL_CONVERSION = YES;
				CLANG_WARN_COMMA = YES;
				CLANG_WARN_CONSTANT_CONVERSION = YES;
				CLANG_WARN_DEPRECATED_OBJC_IMPLEMENTATIONS = YES;
				CLANG_WARN_DIRECT_OBJC_ISA_USAGE = YES_ERROR;
				CLANG_WARN_DOCUMENTATION_COMMENTS = YES;
				CLANG_WARN_EMPTY_BODY = YES;
				CLANG_WARN_ENUM_CONVERSION = YES;
				CLANG_WARN_INFINITE_RECURSION = YES;
				CLANG_WARN_INT_CONVERSION = YES;
				CLANG_WARN_NON_LITERAL_NULL_CONVERSION = YES;
				CLANG_WARN_OBJC_IMPLICIT_RETAIN_SELF = YES;
				CLANG_WARN_OBJC_LITERAL_CONVERSION = YES;
				CLANG_WARN_OBJC_ROOT_CLASS = YES_ERROR;
				CLANG_WARN_RANGE_LOOP_ANALYSIS = YES;
				CLANG_WARN_STRICT_PROTOTYPES = YES;
				CLANG_WARN_SUSPICIOUS_MOVE = YES;
				CLANG_WARN_UNGUARDED_AVAILABILITY = YES_AGGRESSIVE;
				CLANG_WARN_UNREACHABLE_CODE = YES;
				CLANG_WARN__DUPLICATE_METHOD_MATCH = YES;
				CODE_SIGN_IDENTITY = "iPhone Developer";
				COPY_PHASE_STRIP = NO;
				DEBUG_INFORMATION_FORMAT = "dwarf-with-dsym";
				ENABLE_NS_ASSERTIONS = NO;
				ENABLE_STRICT_OBJC_MSGSEND = YES;
				GCC_C_LANGUAGE_STANDARD = gnu11;
				GCC_NO_COMMON_BLOCKS = YES;
				GCC_WARN_64_TO_32_BIT_CONVERSION = YES;
				GCC_WARN_ABOUT_RETURN_TYPE = YES_ERROR;
				GCC_WARN_UNDECLARED_SELECTOR = YES;
				GCC_WARN_UNINITIALIZED_AUTOS = YES_AGGRESSIVE;
				GCC_WARN_UNUSED_FUNCTION = YES;
				GCC_WARN_UNUSED_VARIABLE = YES;
				IPHONEOS_DEPLOYMENT_TARGET = 11.4;
				MTL_ENABLE_DEBUG_INFO = NO;
				SDKROOT = iphoneos;
				SWIFT_COMPILATION_MODE = wholemodule;
				SWIFT_OPTIMIZATION_LEVEL = "-O";
				VALIDATE_PRODUCT = YES;
			};
			name = Release;
		};
		073A332E20F30E9300DF726E /* Debug */ = {
			isa = XCBuildConfiguration;
			buildSettings = {
				ASSETCATALOG_COMPILER_APPICON_NAME = AppIcon;
				CODE_SIGN_STYLE = Automatic;
				DEVELOPMENT_TEAM = CJ95HY5W45;
				INFOPLIST_FILE = GetViewOrVCLikeAPro/Info.plist;
				LD_RUNPATH_SEARCH_PATHS = (
					"$(inherited)",
					"@executable_path/Frameworks",
				);
				PRODUCT_BUNDLE_IDENTIFIER = kid.example.GetViewOrVCLikeAPro;
				PRODUCT_NAME = "$(TARGET_NAME)";
				SWIFT_VERSION = 4.0;
				TARGETED_DEVICE_FAMILY = "1,2";
			};
			name = Debug;
		};
		073A332F20F30E9300DF726E /* Release */ = {
			isa = XCBuildConfiguration;
			buildSettings = {
				ASSETCATALOG_COMPILER_APPICON_NAME = AppIcon;
				CODE_SIGN_STYLE = Automatic;
				DEVELOPMENT_TEAM = CJ95HY5W45;
				INFOPLIST_FILE = GetViewOrVCLikeAPro/Info.plist;
				LD_RUNPATH_SEARCH_PATHS = (
					"$(inherited)",
					"@executable_path/Frameworks",
				);
				PRODUCT_BUNDLE_IDENTIFIER = kid.example.GetViewOrVCLikeAPro;
				PRODUCT_NAME = "$(TARGET_NAME)";
				SWIFT_VERSION = 4.0;
				TARGETED_DEVICE_FAMILY = "1,2";
			};
			name = Release;
		};
/* End XCBuildConfiguration section */

/* Begin XCConfigurationList section */
		073A331620F30E9100DF726E /* Build configuration list for PBXProject "GetViewOrVCLikeAPro" */ = {
			isa = XCConfigurationList;
			buildConfigurations = (
				073A332B20F30E9300DF726E /* Debug */,
				073A332C20F30E9300DF726E /* Release */,
			);
			defaultConfigurationIsVisible = 0;
			defaultConfigurationName = Release;
		};
		073A332D20F30E9300DF726E /* Build configuration list for PBXNativeTarget "GetViewOrVCLikeAPro" */ = {
			isa = XCConfigurationList;
			buildConfigurations = (
				073A332E20F30E9300DF726E /* Debug */,
				073A332F20F30E9300DF726E /* Release */,
			);
			defaultConfigurationIsVisible = 0;
			defaultConfigurationName = Release;
		};
/* End XCConfigurationList section */
	};
	rootObject = 073A331320F30E9100DF726E /* Project object */;
}
